
Microsoft Visual Studio Solution File, Format Version 12.00
# Visual Studio Version 17
VisualStudioVersion = 17.8.34330.188
MinimumVisualStudioVersion = 10.0.40219.1
Project("{FAE04EC0-301F-11D3-BF4B-00C04F79EFBC}") = "Player_and_Team_Cricket", "Player_and_Team_Cricket\Player_and_Team_Cricket.csproj", "{5F7C3074-5562-40B7-82B9-6F165F7DF4F3}"
EndProject
Global
	GlobalSection(SolutionConfigurationPlatforms) = preSolution
		Debug|Any CPU = Debug|Any CPU
		Release|Any CPU = Release|Any CPU
	EndGlobalSection
	GlobalSection(ProjectConfigurationPlatforms) = postSolution
		{5F7C3074-5562-40B7-82B9-6F165F7DF4F3}.Debug|Any CPU.ActiveCfg = Debug|Any CPU
		{5F7C3074-5562-40B7-82B9-6F165F7DF4F3}.Debug|Any CPU.Build.0 = Debug|Any CPU
		{5F7C3074-5562-40B7-82B9-6F165F7DF4F3}.Release|Any CPU.ActiveCfg = Release|Any CPU
		{5F7C3074-5562-40B7-82B9-6F165F7DF4F3}.Release|Any CPU.Build.0 = Release|Any CPU
	EndGlobalSection
	GlobalSection(SolutionProperties) = preSolution
		HideSolutionNode = FALSE
	EndGlobalSection
	GlobalSection(ExtensibilityGlobals) = postSolution
		SolutionGuid = {68072B77-98AB-42BE-AD89-4BE1B94688D0}
	EndGlobalSection
EndGlobal
